
Microsoft Visual Studio Solution File, Format Version 12.00
# Visual Studio Version 17
VisualStudioVersion = 17.4.33205.214
MinimumVisualStudioVersion = 10.0.40219.1
Project("{FAE04EC0-301F-11D3-BF4B-00C04F79EFBC}") = "Entity_Kullanimi", "Entity_Kullanimi\Entity_Kullanimi.csproj", "{826494D2-319E-46CE-88A9-8151E68E46BF}"
EndProject
Global
	GlobalSection(SolutionConfigurationPlatforms) = preSolution
		Debug|Any CPU = Debug|Any CPU
		Release|Any CPU = Release|Any CPU
	EndGlobalSection
	GlobalSection(ProjectConfigurationPlatforms) = postSolution
		{826494D2-319E-46CE-88A9-8151E68E46BF}.Debug|Any CPU.ActiveCfg = Debug|Any CPU
		{826494D2-319E-46CE-88A9-8151E68E46BF}.Debug|Any CPU.Build.0 = Debug|Any CPU
		{826494D2-319E-46CE-88A9-8151E68E46BF}.Release|Any CPU.ActiveCfg = Release|Any CPU
		{826494D2-319E-46CE-88A9-8151E68E46BF}.Release|Any CPU.Build.0 = Release|Any CPU
	EndGlobalSection
	GlobalSection(SolutionProperties) = preSolution
		HideSolutionNode = FALSE
	EndGlobalSection
	GlobalSection(ExtensibilityGlobals) = postSolution
		SolutionGuid = {5D263E18-0C7C-403D-9DFD-68DF6358EE4A}
	EndGlobalSection
EndGlobal
